
Microsoft Visual Studio Solution File, Format Version 12.00
# Visual Studio Version 17
VisualStudioVersion = 17.2.32519.379
MinimumVisualStudioVersion = 10.0.40219.1
Project("{FAE04EC0-301F-11D3-BF4B-00C04F79EFBC}") = "ImpactaMai22", "ImpactaMai22\ImpactaMai22.csproj", "{5B9D6A3B-F14D-40B6-9E53-90FA7DA17F51}"
EndProject
Project("{FAE04EC0-301F-11D3-BF4B-00C04F79EFBC}") = "Marketplace.Repositorios.SqlServer.DbFirst", "Marketplace.Repositorios.SqlServer.DbFirst\Marketplace.Repositorios.SqlServer.DbFirst.csproj", "{A685845B-0143-4895-8184-1147C8A34BB0}"
EndProject
Project("{2150E333-8FDC-42A3-9474-1A3956D46DE8}") = "Marketplace", "Marketplace", "{FF709600-6F39-4FAA-A64B-2230C6B9ABF4}"
EndProject
Project("{FAE04EC0-301F-11D3-BF4B-00C04F79EFBC}") = "Marketplace.Mvc", "Marketplace.Mvc\Marketplace.Mvc.csproj", "{DCFFC049-61DA-4FA7-8D51-7C5B503621E0}"
EndProject
Global
	GlobalSection(SolutionConfigurationPlatforms) = preSolution
		Debug|Any CPU = Debug|Any CPU
		Release|Any CPU = Release|Any CPU
	EndGlobalSection
	GlobalSection(ProjectConfigurationPlatforms) = postSolution
		{5B9D6A3B-F14D-40B6-9E53-90FA7DA17F51}.Debug|Any CPU.ActiveCfg = Debug|Any CPU
		{5B9D6A3B-F14D-40B6-9E53-90FA7DA17F51}.Debug|Any CPU.Build.0 = Debug|Any CPU
		{5B9D6A3B-F14D-40B6-9E53-90FA7DA17F51}.Release|Any CPU.ActiveCfg = Release|Any CPU
		{5B9D6A3B-F14D-40B6-9E53-90FA7DA17F51}.Release|Any CPU.Build.0 = Release|Any CPU
		{A685845B-0143-4895-8184-1147C8A34BB0}.Debug|Any CPU.ActiveCfg = Debug|Any CPU
		{A685845B-0143-4895-8184-1147C8A34BB0}.Debug|Any CPU.Build.0 = Debug|Any CPU
		{A685845B-0143-4895-8184-1147C8A34BB0}.Release|Any CPU.ActiveCfg = Release|Any CPU
		{A685845B-0143-4895-8184-1147C8A34BB0}.Release|Any CPU.Build.0 = Release|Any CPU
		{DCFFC049-61DA-4FA7-8D51-7C5B503621E0}.Debug|Any CPU.ActiveCfg = Debug|Any CPU
		{DCFFC049-61DA-4FA7-8D51-7C5B503621E0}.Debug|Any CPU.Build.0 = Debug|Any CPU
		{DCFFC049-61DA-4FA7-8D51-7C5B503621E0}.Release|Any CPU.ActiveCfg = Release|Any CPU
		{DCFFC049-61DA-4FA7-8D51-7C5B503621E0}.Release|Any CPU.Build.0 = Release|Any CPU
	EndGlobalSection
	GlobalSection(SolutionProperties) = preSolution
		HideSolutionNode = FALSE
	EndGlobalSection
	GlobalSection(NestedProjects) = preSolution
		{A685845B-0143-4895-8184-1147C8A34BB0} = {FF709600-6F39-4FAA-A64B-2230C6B9ABF4}
		{DCFFC049-61DA-4FA7-8D51-7C5B503621E0} = {FF709600-6F39-4FAA-A64B-2230C6B9ABF4}
	EndGlobalSection
	GlobalSection(ExtensibilityGlobals) = postSolution
		SolutionGuid = {8A1F6936-DB1F-4A39-AE90-6FE6219D40FC}
	EndGlobalSection
EndGlobal
